// !$*UTF8*$!
{
	archiveVersion = 1;
	classes = {
	};
	objectVersion = 50;
	objects = {

/* Begin PBXBuildFile section */
		8635B1B32390B1E300DC4545 /* Person+Test.m in Sources */ = {isa = PBXBuildFile; fileRef = 869437D6238FBE3C0015CABA /* Person+Test.m */; };
		8635B1B42390B1E600DC4545 /* Person+Test2.m in Sources */ = {isa = PBXBuildFile; fileRef = 8635B1B12390B10F00DC4545 /* Person+Test2.m */; };
		86738867239110CD0082AA1D /* Student.m in Sources */ = {isa = PBXBuildFile; fileRef = 86738866239110CD0082AA1D /* Student.m */; };
		8673886A239110E20082AA1D /* Student+Test1.m in Sources */ = {isa = PBXBuildFile; fileRef = 86738869239110E20082AA1D /* Student+Test1.m */; };
		8673886D2391110B0082AA1D /* Student+Test2.m in Sources */ = {isa = PBXBuildFile; fileRef = 8673886C2391110B0082AA1D /* Student+Test2.m */; };
		86738870239125180082AA1D /* Dog.m in Sources */ = {isa = PBXBuildFile; fileRef = 8673886F239125180082AA1D /* Dog.m */; };
		869437CC238FBDC40015CABA /* main.m in Sources */ = {isa = PBXBuildFile; fileRef = 869437CB238FBDC40015CABA /* main.m */; };
		869437D4238FBDDB0015CABA /* Person.m in Sources */ = {isa = PBXBuildFile; fileRef = 869437D3238FBDDB0015CABA /* Person.m */; };
/* End PBXBuildFile section */

/* Begin PBXCopyFilesBuildPhase section */
		869437C6238FBDC40015CABA /* CopyFiles */ = {
			isa = PBXCopyFilesBuildPhase;
			buildActionMask = 2147483647;
			dstPath = /usr/share/man/man1/;
			dstSubfolderSpec = 0;
			files = (
			);
			runOnlyForDeploymentPostprocessing = 1;
		};
/* End PBXCopyFilesBuildPhase section */

/* Begin PBXFileReference section */
		8635B1B02390B10F00DC4545 /* Person+Test2.h */ = {isa = PBXFileReference; lastKnownFileType = sourcecode.c.h; path = "Person+Test2.h"; sourceTree = "<group>"; };
		8635B1B12390B10F00DC4545 /* Person+Test2.m */ = {isa = PBXFileReference; lastKnownFileType = sourcecode.c.objc; path = "Person+Test2.m"; sourceTree = "<group>"; };
		86738865239110CD0082AA1D /* Student.h */ = {isa = PBXFileReference; lastKnownFileType = sourcecode.c.h; path = Student.h; sourceTree = "<group>"; };
		86738866239110CD0082AA1D /* Student.m */ = {isa = PBXFileReference; lastKnownFileType = sourcecode.c.objc; path = Student.m; sourceTree = "<group>"; };
		86738868239110E20082AA1D /* Student+Test1.h */ = {isa = PBXFileReference; lastKnownFileType = sourcecode.c.h; path = "Student+Test1.h"; sourceTree = "<group>"; };
		86738869239110E20082AA1D /* Student+Test1.m */ = {isa = PBXFileReference; lastKnownFileType = sourcecode.c.objc; path = "Student+Test1.m"; sourceTree = "<group>"; };
		8673886B2391110B0082AA1D /* Student+Test2.h */ = {isa = PBXFileReference; lastKnownFileType = sourcecode.c.h; path = "Student+Test2.h"; sourceTree = "<group>"; };
		8673886C2391110B0082AA1D /* Student+Test2.m */ = {isa = PBXFileReference; lastKnownFileType = sourcecode.c.objc; path = "Student+Test2.m"; sourceTree = "<group>"; };
		8673886E239125180082AA1D /* Dog.h */ = {isa = PBXFileReference; lastKnownFileType = sourcecode.c.h; path = Dog.h; sourceTree = "<group>"; };
		8673886F239125180082AA1D /* Dog.m */ = {isa = PBXFileReference; lastKnownFileType = sourcecode.c.objc; path = Dog.m; sourceTree = "<group>"; };
		869437C8238FBDC40015CABA /* Category */ = {isa = PBXFileReference; explicitFileType = "compiled.mach-o.executable"; includeInIndex = 0; path = Category; sourceTree = BUILT_PRODUCTS_DIR; };
		869437CB238FBDC40015CABA /* main.m */ = {isa = PBXFileReference; lastKnownFileType = sourcecode.c.objc; path = main.m; sourceTree = "<group>"; };
		869437D2238FBDDB0015CABA /* Person.h */ = {isa = PBXFileReference; lastKnownFileType = sourcecode.c.h; path = Person.h; sourceTree = "<group>"; };
		869437D3238FBDDB0015CABA /* Person.m */ = {isa = PBXFileReference; lastKnownFileType = sourcecode.c.objc; path = Person.m; sourceTree = "<group>"; };
		869437D5238FBE3C0015CABA /* Person+Test.h */ = {isa = PBXFileReference; lastKnownFileType = sourcecode.c.h; path = "Person+Test.h"; sourceTree = "<group>"; };
		869437D6238FBE3C0015CABA /* Person+Test.m */ = {isa = PBXFileReference; lastKnownFileType = sourcecode.c.objc; path = "Person+Test.m"; sourceTree = "<group>"; };
/* End PBXFileReference section */

/* Begin PBXFrameworksBuildPhase section */
		869437C5238FBDC40015CABA /* Frameworks */ = {
			isa = PBXFrameworksBuildPhase;
			buildActionMask = 2147483647;
			files = (
			);
			runOnlyForDeploymentPostprocessing = 0;
		};
/* End PBXFrameworksBuildPhase section */

/* Begin PBXGroup section */
		869437BF238FBDC40015CABA = {
			isa = PBXGroup;
			children = (
				869437CA238FBDC40015CABA /* Category */,
				869437C9238FBDC40015CABA /* Products */,
			);
			sourceTree = "<group>";
		};
		869437C9238FBDC40015CABA /* Products */ = {
			isa = PBXGroup;
			children = (
				869437C8238FBDC40015CABA /* Category */,
			);
			name = Products;
			sourceTree = "<group>";
		};
		869437CA238FBDC40015CABA /* Category */ = {
			isa = PBXGroup;
			children = (
				869437CB238FBDC40015CABA /* main.m */,
				869437D2238FBDDB0015CABA /* Person.h */,
				869437D3238FBDDB0015CABA /* Person.m */,
				869437D5238FBE3C0015CABA /* Person+Test.h */,
				869437D6238FBE3C0015CABA /* Person+Test.m */,
				8635B1B02390B10F00DC4545 /* Person+Test2.h */,
				8635B1B12390B10F00DC4545 /* Person+Test2.m */,
				86738865239110CD0082AA1D /* Student.h */,
				86738866239110CD0082AA1D /* Student.m */,
				86738868239110E20082AA1D /* Student+Test1.h */,
				86738869239110E20082AA1D /* Student+Test1.m */,
				8673886B2391110B0082AA1D /* Student+Test2.h */,
				8673886C2391110B0082AA1D /* Student+Test2.m */,
				8673886E239125180082AA1D /* Dog.h */,
				8673886F239125180082AA1D /* Dog.m */,
			);
			path = Category;
			sourceTree = "<group>";
		};
/* End PBXGroup section */

/* Begin PBXNativeTarget section */
		869437C7238FBDC40015CABA /* Category */ = {
			isa = PBXNativeTarget;
			buildConfigurationList = 869437CF238FBDC40015CABA /* Build configuration list for PBXNativeTarget "Category" */;
			buildPhases = (
				869437C4238FBDC40015CABA /* Sources */,
				869437C5238FBDC40015CABA /* Frameworks */,
				869437C6238FBDC40015CABA /* CopyFiles */,
			);
			buildRules = (
			);
			dependencies = (
			);
			name = Category;
			productName = Category;
			productReference = 869437C8238FBDC40015CABA /* Category */;
			productType = "com.apple.product-type.tool";
		};
/* End PBXNativeTarget section */

/* Begin PBXProject section */
		869437C0238FBDC40015CABA /* Project object */ = {
			isa = PBXProject;
			attributes = {
				LastUpgradeCheck = 1120;
				ORGANIZATIONNAME = YangYu;
				TargetAttributes = {
					869437C7238FBDC40015CABA = {
						CreatedOnToolsVersion = 11.2.1;
					};
				};
			};
			buildConfigurationList = 869437C3238FBDC40015CABA /* Build configuration list for PBXProject "Category" */;
			compatibilityVersion = "Xcode 9.3";
			developmentRegion = en;
			hasScannedForEncodings = 0;
			knownRegions = (
				en,
				Base,
			);
			mainGroup = 869437BF238FBDC40015CABA;
			productRefGroup = 869437C9238FBDC40015CABA /* Products */;
			projectDirPath = "";
			projectRoot = "";
			targets = (
				869437C7238FBDC40015CABA /* Category */,
			);
		};
/* End PBXProject section */

/* Begin PBXSourcesBuildPhase section */
		869437C4238FBDC40015CABA /* Sources */ = {
			isa = PBXSourcesBuildPhase;
			buildActionMask = 2147483647;
			files = (
				8673886D2391110B0082AA1D /* Student+Test2.m in Sources */,
				8673886A239110E20082AA1D /* Student+Test1.m in Sources */,
				8635B1B42390B1E600DC4545 /* Person+Test2.m in Sources */,
				8635B1B32390B1E300DC4545 /* Person+Test.m in Sources */,
				869437D4238FBDDB0015CABA /* Person.m in Sources */,
				86738867239110CD0082AA1D /* Student.m in Sources */,
				869437CC238FBDC40015CABA /* main.m in Sources */,
				86738870239125180082AA1D /* Dog.m in Sources */,
			);
			runOnlyForDeploymentPostprocessing = 0;
		};
/* End PBXSourcesBuildPhase section */

/* Begin XCBuildConfiguration section */
		869437CD238FBDC40015CABA /* Debug */ = {
			isa = XCBuildConfiguration;
			buildSettings = {
				ALWAYS_SEARCH_USER_PATHS = NO;
				CLANG_ANALYZER_NONNULL = YES;
				CLANG_ANALYZER_NUMBER_OBJECT_CONVERSION = YES_AGGRESSIVE;
				CLANG_CXX_LANGUAGE_STANDARD = "gnu++14";
				CLANG_CXX_LIBRARY = "libc++";
				CLANG_ENABLE_MODULES = YES;
				CLANG_ENABLE_OBJC_ARC = YES;
				CLANG_ENABLE_OBJC_WEAK = YES;
				CLANG_WARN_BLOCK_CAPTURE_AUTORELEASING = YES;
				CLANG_WARN_BOOL_CONVERSION = YES;
				CLANG_WARN_COMMA = YES;
				CLANG_WARN_CONSTANT_CONVERSION = YES;
				CLANG_WARN_DEPRECATED_OBJC_IMPLEMENTATIONS = YES;
				CLANG_WARN_DIRECT_OBJC_ISA_USAGE = YES_ERROR;
				CLANG_WARN_DOCUMENTATION_COMMENTS = YES;
				CLANG_WARN_EMPTY_BODY = YES;
				CLANG_WARN_ENUM_CONVERSION = YES;
				CLANG_WARN_INFINITE_RECURSION = YES;
				CLANG_WARN_INT_CONVERSION = YES;
				CLANG_WARN_NON_LITERAL_NULL_CONVERSION = YES;
				CLANG_WARN_OBJC_IMPLICIT_RETAIN_SELF = YES;
				CLANG_WARN_OBJC_LITERAL_CONVERSION = YES;
				CLANG_WARN_OBJC_ROOT_CLASS = YES_ERROR;
				CLANG_WARN_RANGE_LOOP_ANALYSIS = YES;
				CLANG_WARN_STRICT_PROTOTYPES = YES;
				CLANG_WARN_SUSPICIOUS_MOVE = YES;
				CLANG_WARN_UNGUARDED_AVAILABILITY = YES_AGGRESSIVE;
				CLANG_WARN_UNREACHABLE_CODE = YES;
				CLANG_WARN__DUPLICATE_METHOD_MATCH = YES;
				COPY_PHASE_STRIP = NO;
				DEBUG_INFORMATION_FORMAT = dwarf;
				ENABLE_STRICT_OBJC_MSGSEND = YES;
				ENABLE_TESTABILITY = YES;
				GCC_C_LANGUAGE_STANDARD = gnu11;
				GCC_DYNAMIC_NO_PIC = NO;
				GCC_NO_COMMON_BLOCKS = YES;
				GCC_OPTIMIZATION_LEVEL = 0;
				GCC_PREPROCESSOR_DEFINITIONS = (
					"DEBUG=1",
					"$(inherited)",
				);
				GCC_WARN_64_TO_32_BIT_CONVERSION = YES;
				GCC_WARN_ABOUT_RETURN_TYPE = YES_ERROR;
				GCC_WARN_UNDECLARED_SELECTOR = YES;
				GCC_WARN_UNINITIALIZED_AUTOS = YES_AGGRESSIVE;
				GCC_WARN_UNUSED_FUNCTION = YES;
				GCC_WARN_UNUSED_VARIABLE = YES;
				MACOSX_DEPLOYMENT_TARGET = 10.14;
				MTL_ENABLE_DEBUG_INFO = INCLUDE_SOURCE;
				MTL_FAST_MATH = YES;
				ONLY_ACTIVE_ARCH = YES;
				SDKROOT = macosx;
			};
			name = Debug;
		};
		869437CE238FBDC40015CABA /* Release */ = {
			isa = XCBuildConfiguration;
			buildSettings = {
				ALWAYS_SEARCH_USER_PATHS = NO;
				CLANG_ANALYZER_NONNULL = YES;
				CLANG_ANALYZER_NUMBER_OBJECT_CONVERSION = YES_AGGRESSIVE;
				CLANG_CXX_LANGUAGE_STANDARD = "gnu++14";
				CLANG_CXX_LIBRARY = "libc++";
				CLANG_ENABLE_MODULES = YES;
				CLANG_ENABLE_OBJC_ARC = YES;
				CLANG_ENABLE_OBJC_WEAK = YES;
				CLANG_WARN_BLOCK_CAPTURE_AUTORELEASING = YES;
				CLANG_WARN_BOOL_CONVERSION = YES;
				CLANG_WARN_COMMA = YES;
				CLANG_WARN_CONSTANT_CONVERSION = YES;
				CLANG_WARN_DEPRECATED_OBJC_IMPLEMENTATIONS = YES;
				CLANG_WARN_DIRECT_OBJC_ISA_USAGE = YES_ERROR;
				CLANG_WARN_DOCUMENTATION_COMMENTS = YES;
				CLANG_WARN_EMPTY_BODY = YES;
				CLANG_WARN_ENUM_CONVERSION = YES;
				CLANG_WARN_INFINITE_RECURSION = YES;
				CLANG_WARN_INT_CONVERSION = YES;
				CLANG_WARN_NON_LITERAL_NULL_CONVERSION = YES;
				CLANG_WARN_OBJC_IMPLICIT_RETAIN_SELF = YES;
				CLANG_WARN_OBJC_LITERAL_CONVERSION = YES;
				CLANG_WARN_OBJC_ROOT_CLASS = YES_ERROR;
				CLANG_WARN_RANGE_LOOP_ANALYSIS = YES;
				CLANG_WARN_STRICT_PROTOTYPES = YES;
				CLANG_WARN_SUSPICIOUS_MOVE = YES;
				CLANG_WARN_UNGUARDED_AVAILABILITY = YES_AGGRESSIVE;
				CLANG_WARN_UNREACHABLE_CODE = YES;
				CLANG_WARN__DUPLICATE_METHOD_MATCH = YES;
				COPY_PHASE_STRIP = NO;
				DEBUG_INFORMATION_FORMAT = "dwarf-with-dsym";
				ENABLE_NS_ASSERTIONS = NO;
				ENABLE_STRICT_OBJC_MSGSEND = YES;
				GCC_C_LANGUAGE_STANDARD = gnu11;
				GCC_NO_COMMON_BLOCKS = YES;
				GCC_WARN_64_TO_32_BIT_CONVERSION = YES;
				GCC_WARN_ABOUT_RETURN_TYPE = YES_ERROR;
				GCC_WARN_UNDECLARED_SELECTOR = YES;
				GCC_WARN_UNINITIALIZED_AUTOS = YES_AGGRESSIVE;
				GCC_WARN_UNUSED_FUNCTION = YES;
				GCC_WARN_UNUSED_VARIABLE = YES;
				MACOSX_DEPLOYMENT_TARGET = 10.14;
				MTL_ENABLE_DEBUG_INFO = NO;
				MTL_FAST_MATH = YES;
				SDKROOT = macosx;
			};
			name = Release;
		};
		869437D0238FBDC40015CABA /* Debug */ = {
			isa = XCBuildConfiguration;
			buildSettings = {
				CODE_SIGN_STYLE = Automatic;
				PRODUCT_NAME = "$(TARGET_NAME)";
			};
			name = Debug;
		};
		869437D1238FBDC40015CABA /* Release */ = {
			isa = XCBuildConfiguration;
			buildSettings = {
				CODE_SIGN_STYLE = Automatic;
				PRODUCT_NAME = "$(TARGET_NAME)";
			};
			name = Release;
		};
/* End XCBuildConfiguration section */

/* Begin XCConfigurationList section */
		869437C3238FBDC40015CABA /* Build configuration list for PBXProject "Category" */ = {
			isa = XCConfigurationList;
			buildConfigurations = (
				869437CD238FBDC40015CABA /* Debug */,
				869437CE238FBDC40015CABA /* Release */,
			);
			defaultConfigurationIsVisible = 0;
			defaultConfigurationName = Release;
		};
		869437CF238FBDC40015CABA /* Build configuration list for PBXNativeTarget "Category" */ = {
			isa = XCConfigurationList;
			buildConfigurations = (
				869437D0238FBDC40015CABA /* Debug */,
				869437D1238FBDC40015CABA /* Release */,
			);
			defaultConfigurationIsVisible = 0;
			defaultConfigurationName = Release;
		};
/* End XCConfigurationList section */
	};
	rootObject = 869437C0238FBDC40015CABA /* Project object */;
}
